
Microsoft Visual Studio Solution File, Format Version 12.00
# Visual Studio 14
VisualStudioVersion = 14.0.25420.1
MinimumVisualStudioVersion = 10.0.40219.1
Project("{2150E333-8FDC-42A3-9474-1A3956D46DE8}") = "Chapter06", "Chapter06", "{703D2151-1F30-4A72-B0B1-F4CDCDD7DEAA}"
EndProject
Project("{2150E333-8FDC-42A3-9474-1A3956D46DE8}") = "Primer", "Primer", "{E9C1DDC3-7388-4A07-8A49-DEC9A29C8C5E}"
EndProject
Project("{2150E333-8FDC-42A3-9474-1A3956D46DE8}") = "Chapter16", "Chapter16", "{F4A0CBB1-80BD-4261-B125-8F31F8E184BF}"
EndProject
Project("{2150E333-8FDC-42A3-9474-1A3956D46DE8}") = "Templates", "Templates", "{F19F9970-6575-4402-8A0A-4ED5AC73B6BC}"
EndProject
Project("{8BC9CEB8-8B4A-11D0-8D11-00A0C91BC942}") = "Test", "Test\Test.vcxproj", "{9BEB84A4-952A-447B-84F6-A72A187851BD}"
EndProject
Project("{2150E333-8FDC-42A3-9474-1A3956D46DE8}") = "Examples", "Examples", "{32FEC0B7-E0AE-409E-8217-A140B33C5CCC}"
EndProject
Project("{8BC9CEB8-8B4A-11D0-8D11-00A0C91BC942}") = "Function", "Examples\Function\Function.vcxproj", "{0E07B188-0C09-4204-8FAA-8B50A6DC1B7C}"
EndProject
Project("{8BC9CEB8-8B4A-11D0-8D11-00A0C91BC942}") = "errMsg_initList", "Primer\errMsg_initList\errMsg_initList.vcxproj", "{DEAC8DBE-8AE7-420B-9869-9CD12111E723}"
EndProject
Project("{8BC9CEB8-8B4A-11D0-8D11-00A0C91BC942}") = "Templates", "Primer\Templates\Templates.vcxproj", "{BA271E62-D33A-4E0B-9189-ADBFB16115EB}"
EndProject
Project("{8BC9CEB8-8B4A-11D0-8D11-00A0C91BC942}") = "Variadic", "Primer\Variadic\Variadic.vcxproj", "{5348B428-BBDA-4B6F-992A-93DBEB906C71}"
EndProject
Project("{2150E333-8FDC-42A3-9474-1A3956D46DE8}") = "Chapter02", "Chapter02", "{4CB8D7D4-153C-4266-8C56-BDEBEA47BD59}"
EndProject
Project("{8BC9CEB8-8B4A-11D0-8D11-00A0C91BC942}") = "FunctionTemplates", "Templates\FunctionTemplates\FunctionTemplates.vcxproj", "{C4611426-B6C6-4254-A980-70956AAE8277}"
EndProject
Project("{2150E333-8FDC-42A3-9474-1A3956D46DE8}") = "Chapter05", "Chapter05", "{742A27D2-7DCB-4F01-9826-5CCFCDCD27C3}"
EndProject
Project("{8BC9CEB8-8B4A-11D0-8D11-00A0C91BC942}") = "TrickyBasics", "Templates\TrickyBasics\TrickyBasics.vcxproj", "{2A9756BC-0D16-4514-BECA-26BA27C6E186}"
EndProject
Project("{2150E333-8FDC-42A3-9474-1A3956D46DE8}") = "Chapter15", "Chapter15", "{2B6C4C02-C41F-4B6C-97FF-BCAE837F46DC}"
EndProject
Project("{8BC9CEB8-8B4A-11D0-8D11-00A0C91BC942}") = "TraitAndPolicy", "Templates\TraitAndPolicy\TraitAndPolicy.vcxproj", "{A7975A4B-2AB4-4BD3-ACF2-61C63F408BE1}"
EndProject
Project("{2150E333-8FDC-42A3-9474-1A3956D46DE8}") = "AppendixB", "AppendixB", "{DE655664-BDA1-4AC0-8944-83F3EC4FBD41}"
EndProject
Project("{8BC9CEB8-8B4A-11D0-8D11-00A0C91BC942}") = "AppendixB", "Templates\AppendixB\AppendixB.vcxproj", "{4183169D-25FC-4CD5-939C-361F71B39C6B}"
EndProject
Project("{8BC9CEB8-8B4A-11D0-8D11-00A0C91BC942}") = "GlobalInitOrder", "Examples\GlobalInitOrder\GlobalInitOrder.vcxproj", "{B6B45266-5FBE-45B6-A3BB-FB84B39E83C9}"
EndProject
Project("{8BC9CEB8-8B4A-11D0-8D11-00A0C91BC942}") = "libMT", "Examples\libMT\libMT.vcxproj", "{509B2446-899E-4BF8-B499-7A777B9C9EED}"
EndProject
Project("{8BC9CEB8-8B4A-11D0-8D11-00A0C91BC942}") = "CrashMT", "Examples\CrashMT\CrashMT.vcxproj", "{F19215A5-B6A0-4AC0-8A74-CD98FF4A6AD2}"
EndProject
Project("{8BC9CEB8-8B4A-11D0-8D11-00A0C91BC942}") = "priority_queue", "Examples\priority_queue\priority_queue.vcxproj", "{3273D08C-C3AF-4CC5-AF7D-4BD86E39983C}"
EndProject
Project("{8BC9CEB8-8B4A-11D0-8D11-00A0C91BC942}") = "VariadicTemplate", "Examples\VariadicTemplate\VariadicTemplate.vcxproj", "{D6A3E2D5-5B5C-4B1A-853F-02E0DA7AD57A}"
EndProject
Project("{8BC9CEB8-8B4A-11D0-8D11-00A0C91BC942}") = "Float", "Examples\Float\Float.vcxproj", "{4268A58C-85EF-475F-9126-E509015B0B21}"
EndProject
Project("{8BC9CEB8-8B4A-11D0-8D11-00A0C91BC942}") = "Socket", "Examples\Socket\Socket.vcxproj", "{FF8391D8-6DFF-4EEA-81FA-D680AD23F7B1}"
EndProject
Project("{8BC9CEB8-8B4A-11D0-8D11-00A0C91BC942}") = "tuple", "Examples\tuple\tuple.vcxproj", "{78A70CA2-105A-4718-9007-0E4FC774E620}"
EndProject
Project("{8BC9CEB8-8B4A-11D0-8D11-00A0C91BC942}") = "Serialization", "Examples\Serialization\Serialization.vcxproj", "{3482D955-5B95-40FA-B180-E3BE0A6849FC}"
EndProject
Project("{2150E333-8FDC-42A3-9474-1A3956D46DE8}") = "ThirdParty", "ThirdParty", "{86C39192-10BA-49F4-8C8D-A183097C699B}"
EndProject
Project("{8BC9CEB8-8B4A-11D0-8D11-00A0C91BC942}") = "Reflection", "ThirdParty\Reflection\Reflection.vcxproj", "{71F2B2DF-3871-4D2A-B40B-E541DC86BC20}"
EndProject
Project("{8BC9CEB8-8B4A-11D0-8D11-00A0C91BC942}") = "TestTypeTraits", "Examples\TestTypeTraits\TestTypeTraits.vcxproj", "{8E1159FD-1856-4F81-8518-319BAE337A60}"
EndProject
Project("{8BC9CEB8-8B4A-11D0-8D11-00A0C91BC942}") = "Kapok", "ThirdParty\Kapok\vcproject\vcproject\vcproject.vcxproj", "{6302160B-5BCE-442B-B7F6-15972074585E}"
EndProject
Project("{8BC9CEB8-8B4A-11D0-8D11-00A0C91BC942}") = "TestBoost", "Examples\TestBoost\TestBoost.vcxproj", "{FCD16D6E-C4ED-4795-B9BA-923E61E502A2}"
EndProject
Global
	GlobalSection(SolutionConfigurationPlatforms) = preSolution
		Debug|x64 = Debug|x64
		Debug|x86 = Debug|x86
		Release|x64 = Release|x64
		Release|x86 = Release|x86
	EndGlobalSection
	GlobalSection(ProjectConfigurationPlatforms) = postSolution
		{9BEB84A4-952A-447B-84F6-A72A187851BD}.Debug|x64.ActiveCfg = Debug|x64
		{9BEB84A4-952A-447B-84F6-A72A187851BD}.Debug|x64.Build.0 = Debug|x64
		{9BEB84A4-952A-447B-84F6-A72A187851BD}.Debug|x86.ActiveCfg = Debug|Win32
		{9BEB84A4-952A-447B-84F6-A72A187851BD}.Debug|x86.Build.0 = Debug|Win32
		{9BEB84A4-952A-447B-84F6-A72A187851BD}.Release|x64.ActiveCfg = Release|x64
		{9BEB84A4-952A-447B-84F6-A72A187851BD}.Release|x64.Build.0 = Release|x64
		{9BEB84A4-952A-447B-84F6-A72A187851BD}.Release|x86.ActiveCfg = Release|Win32
		{9BEB84A4-952A-447B-84F6-A72A187851BD}.Release|x86.Build.0 = Release|Win32
		{0E07B188-0C09-4204-8FAA-8B50A6DC1B7C}.Debug|x64.ActiveCfg = Debug|x64
		{0E07B188-0C09-4204-8FAA-8B50A6DC1B7C}.Debug|x64.Build.0 = Debug|x64
		{0E07B188-0C09-4204-8FAA-8B50A6DC1B7C}.Debug|x86.ActiveCfg = Debug|Win32
		{0E07B188-0C09-4204-8FAA-8B50A6DC1B7C}.Debug|x86.Build.0 = Debug|Win32
		{0E07B188-0C09-4204-8FAA-8B50A6DC1B7C}.Release|x64.ActiveCfg = Release|x64
		{0E07B188-0C09-4204-8FAA-8B50A6DC1B7C}.Release|x64.Build.0 = Release|x64
		{0E07B188-0C09-4204-8FAA-8B50A6DC1B7C}.Release|x86.ActiveCfg = Release|Win32
		{0E07B188-0C09-4204-8FAA-8B50A6DC1B7C}.Release|x86.Build.0 = Release|Win32
		{DEAC8DBE-8AE7-420B-9869-9CD12111E723}.Debug|x64.ActiveCfg = Debug|x64
		{DEAC8DBE-8AE7-420B-9869-9CD12111E723}.Debug|x64.Build.0 = Debug|x64
		{DEAC8DBE-8AE7-420B-9869-9CD12111E723}.Debug|x86.ActiveCfg = Debug|Win32
		{DEAC8DBE-8AE7-420B-9869-9CD12111E723}.Debug|x86.Build.0 = Debug|Win32
		{DEAC8DBE-8AE7-420B-9869-9CD12111E723}.Release|x64.ActiveCfg = Release|x64
		{DEAC8DBE-8AE7-420B-9869-9CD12111E723}.Release|x64.Build.0 = Release|x64
		{DEAC8DBE-8AE7-420B-9869-9CD12111E723}.Release|x86.ActiveCfg = Release|Win32
		{DEAC8DBE-8AE7-420B-9869-9CD12111E723}.Release|x86.Build.0 = Release|Win32
		{BA271E62-D33A-4E0B-9189-ADBFB16115EB}.Debug|x64.ActiveCfg = Debug|x64
		{BA271E62-D33A-4E0B-9189-ADBFB16115EB}.Debug|x64.Build.0 = Debug|x64
		{BA271E62-D33A-4E0B-9189-ADBFB16115EB}.Debug|x86.ActiveCfg = Debug|Win32
		{BA271E62-D33A-4E0B-9189-ADBFB16115EB}.Debug|x86.Build.0 = Debug|Win32
		{BA271E62-D33A-4E0B-9189-ADBFB16115EB}.Release|x64.ActiveCfg = Release|x64
		{BA271E62-D33A-4E0B-9189-ADBFB16115EB}.Release|x64.Build.0 = Release|x64
		{BA271E62-D33A-4E0B-9189-ADBFB16115EB}.Release|x86.ActiveCfg = Release|Win32
		{BA271E62-D33A-4E0B-9189-ADBFB16115EB}.Release|x86.Build.0 = Release|Win32
		{5348B428-BBDA-4B6F-992A-93DBEB906C71}.Debug|x64.ActiveCfg = Debug|x64
		{5348B428-BBDA-4B6F-992A-93DBEB906C71}.Debug|x64.Build.0 = Debug|x64
		{5348B428-BBDA-4B6F-992A-93DBEB906C71}.Debug|x86.ActiveCfg = Debug|Win32
		{5348B428-BBDA-4B6F-992A-93DBEB906C71}.Debug|x86.Build.0 = Debug|Win32
		{5348B428-BBDA-4B6F-992A-93DBEB906C71}.Release|x64.ActiveCfg = Release|x64
		{5348B428-BBDA-4B6F-992A-93DBEB906C71}.Release|x64.Build.0 = Release|x64
		{5348B428-BBDA-4B6F-992A-93DBEB906C71}.Release|x86.ActiveCfg = Release|Win32
		{5348B428-BBDA-4B6F-992A-93DBEB906C71}.Release|x86.Build.0 = Release|Win32
		{C4611426-B6C6-4254-A980-70956AAE8277}.Debug|x64.ActiveCfg = Debug|x64
		{C4611426-B6C6-4254-A980-70956AAE8277}.Debug|x64.Build.0 = Debug|x64
		{C4611426-B6C6-4254-A980-70956AAE8277}.Debug|x86.ActiveCfg = Debug|Win32
		{C4611426-B6C6-4254-A980-70956AAE8277}.Debug|x86.Build.0 = Debug|Win32
		{C4611426-B6C6-4254-A980-70956AAE8277}.Release|x64.ActiveCfg = Release|x64
		{C4611426-B6C6-4254-A980-70956AAE8277}.Release|x64.Build.0 = Release|x64
		{C4611426-B6C6-4254-A980-70956AAE8277}.Release|x86.ActiveCfg = Release|Win32
		{C4611426-B6C6-4254-A980-70956AAE8277}.Release|x86.Build.0 = Release|Win32
		{2A9756BC-0D16-4514-BECA-26BA27C6E186}.Debug|x64.ActiveCfg = Debug|x64
		{2A9756BC-0D16-4514-BECA-26BA27C6E186}.Debug|x64.Build.0 = Debug|x64
		{2A9756BC-0D16-4514-BECA-26BA27C6E186}.Debug|x86.ActiveCfg = Debug|Win32
		{2A9756BC-0D16-4514-BECA-26BA27C6E186}.Debug|x86.Build.0 = Debug|Win32
		{2A9756BC-0D16-4514-BECA-26BA27C6E186}.Release|x64.ActiveCfg = Release|x64
		{2A9756BC-0D16-4514-BECA-26BA27C6E186}.Release|x64.Build.0 = Release|x64
		{2A9756BC-0D16-4514-BECA-26BA27C6E186}.Release|x86.ActiveCfg = Release|Win32
		{2A9756BC-0D16-4514-BECA-26BA27C6E186}.Release|x86.Build.0 = Release|Win32
		{A7975A4B-2AB4-4BD3-ACF2-61C63F408BE1}.Debug|x64.ActiveCfg = Debug|x64
		{A7975A4B-2AB4-4BD3-ACF2-61C63F408BE1}.Debug|x64.Build.0 = Debug|x64
		{A7975A4B-2AB4-4BD3-ACF2-61C63F408BE1}.Debug|x86.ActiveCfg = Debug|Win32
		{A7975A4B-2AB4-4BD3-ACF2-61C63F408BE1}.Debug|x86.Build.0 = Debug|Win32
		{A7975A4B-2AB4-4BD3-ACF2-61C63F408BE1}.Release|x64.ActiveCfg = Release|x64
		{A7975A4B-2AB4-4BD3-ACF2-61C63F408BE1}.Release|x64.Build.0 = Release|x64
		{A7975A4B-2AB4-4BD3-ACF2-61C63F408BE1}.Release|x86.ActiveCfg = Release|Win32
		{A7975A4B-2AB4-4BD3-ACF2-61C63F408BE1}.Release|x86.Build.0 = Release|Win32
		{4183169D-25FC-4CD5-939C-361F71B39C6B}.Debug|x64.ActiveCfg = Debug|x64
		{4183169D-25FC-4CD5-939C-361F71B39C6B}.Debug|x64.Build.0 = Debug|x64
		{4183169D-25FC-4CD5-939C-361F71B39C6B}.Debug|x86.ActiveCfg = Debug|Win32
		{4183169D-25FC-4CD5-939C-361F71B39C6B}.Debug|x86.Build.0 = Debug|Win32
		{4183169D-25FC-4CD5-939C-361F71B39C6B}.Release|x64.ActiveCfg = Release|x64
		{4183169D-25FC-4CD5-939C-361F71B39C6B}.Release|x64.Build.0 = Release|x64
		{4183169D-25FC-4CD5-939C-361F71B39C6B}.Release|x86.ActiveCfg = Release|Win32
		{4183169D-25FC-4CD5-939C-361F71B39C6B}.Release|x86.Build.0 = Release|Win32
		{B6B45266-5FBE-45B6-A3BB-FB84B39E83C9}.Debug|x64.ActiveCfg = Debug|x64
		{B6B45266-5FBE-45B6-A3BB-FB84B39E83C9}.Debug|x64.Build.0 = Debug|x64
		{B6B45266-5FBE-45B6-A3BB-FB84B39E83C9}.Debug|x86.ActiveCfg = Debug|Win32
		{B6B45266-5FBE-45B6-A3BB-FB84B39E83C9}.Debug|x86.Build.0 = Debug|Win32
		{B6B45266-5FBE-45B6-A3BB-FB84B39E83C9}.Release|x64.ActiveCfg = Release|x64
		{B6B45266-5FBE-45B6-A3BB-FB84B39E83C9}.Release|x64.Build.0 = Release|x64
		{B6B45266-5FBE-45B6-A3BB-FB84B39E83C9}.Release|x86.ActiveCfg = Release|Win32
		{B6B45266-5FBE-45B6-A3BB-FB84B39E83C9}.Release|x86.Build.0 = Release|Win32
		{509B2446-899E-4BF8-B499-7A777B9C9EED}.Debug|x64.ActiveCfg = Debug|x64
		{509B2446-899E-4BF8-B499-7A777B9C9EED}.Debug|x64.Build.0 = Debug|x64
		{509B2446-899E-4BF8-B499-7A777B9C9EED}.Debug|x86.ActiveCfg = Debug|Win32
		{509B2446-899E-4BF8-B499-7A777B9C9EED}.Debug|x86.Build.0 = Debug|Win32
		{509B2446-899E-4BF8-B499-7A777B9C9EED}.Release|x64.ActiveCfg = Release|x64
		{509B2446-899E-4BF8-B499-7A777B9C9EED}.Release|x64.Build.0 = Release|x64
		{509B2446-899E-4BF8-B499-7A777B9C9EED}.Release|x86.ActiveCfg = Release|Win32
		{509B2446-899E-4BF8-B499-7A777B9C9EED}.Release|x86.Build.0 = Release|Win32
		{F19215A5-B6A0-4AC0-8A74-CD98FF4A6AD2}.Debug|x64.ActiveCfg = Debug|x64
		{F19215A5-B6A0-4AC0-8A74-CD98FF4A6AD2}.Debug|x64.Build.0 = Debug|x64
		{F19215A5-B6A0-4AC0-8A74-CD98FF4A6AD2}.Debug|x86.ActiveCfg = Debug|Win32
		{F19215A5-B6A0-4AC0-8A74-CD98FF4A6AD2}.Debug|x86.Build.0 = Debug|Win32
		{F19215A5-B6A0-4AC0-8A74-CD98FF4A6AD2}.Release|x64.ActiveCfg = Release|x64
		{F19215A5-B6A0-4AC0-8A74-CD98FF4A6AD2}.Release|x64.Build.0 = Release|x64
		{F19215A5-B6A0-4AC0-8A74-CD98FF4A6AD2}.Release|x86.ActiveCfg = Release|Win32
		{F19215A5-B6A0-4AC0-8A74-CD98FF4A6AD2}.Release|x86.Build.0 = Release|Win32
		{3273D08C-C3AF-4CC5-AF7D-4BD86E39983C}.Debug|x64.ActiveCfg = Debug|x64
		{3273D08C-C3AF-4CC5-AF7D-4BD86E39983C}.Debug|x64.Build.0 = Debug|x64
		{3273D08C-C3AF-4CC5-AF7D-4BD86E39983C}.Debug|x86.ActiveCfg = Debug|Win32
		{3273D08C-C3AF-4CC5-AF7D-4BD86E39983C}.Debug|x86.Build.0 = Debug|Win32
		{3273D08C-C3AF-4CC5-AF7D-4BD86E39983C}.Release|x64.ActiveCfg = Release|x64
		{3273D08C-C3AF-4CC5-AF7D-4BD86E39983C}.Release|x64.Build.0 = Release|x64
		{3273D08C-C3AF-4CC5-AF7D-4BD86E39983C}.Release|x86.ActiveCfg = Release|Win32
		{3273D08C-C3AF-4CC5-AF7D-4BD86E39983C}.Release|x86.Build.0 = Release|Win32
		{D6A3E2D5-5B5C-4B1A-853F-02E0DA7AD57A}.Debug|x64.ActiveCfg = Debug|x64
		{D6A3E2D5-5B5C-4B1A-853F-02E0DA7AD57A}.Debug|x64.Build.0 = Debug|x64
		{D6A3E2D5-5B5C-4B1A-853F-02E0DA7AD57A}.Debug|x86.ActiveCfg = Debug|Win32
		{D6A3E2D5-5B5C-4B1A-853F-02E0DA7AD57A}.Debug|x86.Build.0 = Debug|Win32
		{D6A3E2D5-5B5C-4B1A-853F-02E0DA7AD57A}.Release|x64.ActiveCfg = Release|x64
		{D6A3E2D5-5B5C-4B1A-853F-02E0DA7AD57A}.Release|x64.Build.0 = Release|x64
		{D6A3E2D5-5B5C-4B1A-853F-02E0DA7AD57A}.Release|x86.ActiveCfg = Release|Win32
		{D6A3E2D5-5B5C-4B1A-853F-02E0DA7AD57A}.Release|x86.Build.0 = Release|Win32
		{4268A58C-85EF-475F-9126-E509015B0B21}.Debug|x64.ActiveCfg = Debug|x64
		{4268A58C-85EF-475F-9126-E509015B0B21}.Debug|x64.Build.0 = Debug|x64
		{4268A58C-85EF-475F-9126-E509015B0B21}.Debug|x86.ActiveCfg = Debug|Win32
		{4268A58C-85EF-475F-9126-E509015B0B21}.Debug|x86.Build.0 = Debug|Win32
		{4268A58C-85EF-475F-9126-E509015B0B21}.Release|x64.ActiveCfg = Release|x64
		{4268A58C-85EF-475F-9126-E509015B0B21}.Release|x64.Build.0 = Release|x64
		{4268A58C-85EF-475F-9126-E509015B0B21}.Release|x86.ActiveCfg = Release|Win32
		{4268A58C-85EF-475F-9126-E509015B0B21}.Release|x86.Build.0 = Release|Win32
		{FF8391D8-6DFF-4EEA-81FA-D680AD23F7B1}.Debug|x64.ActiveCfg = Debug|x64
		{FF8391D8-6DFF-4EEA-81FA-D680AD23F7B1}.Debug|x64.Build.0 = Debug|x64
		{FF8391D8-6DFF-4EEA-81FA-D680AD23F7B1}.Debug|x86.ActiveCfg = Debug|Win32
		{FF8391D8-6DFF-4EEA-81FA-D680AD23F7B1}.Debug|x86.Build.0 = Debug|Win32
		{FF8391D8-6DFF-4EEA-81FA-D680AD23F7B1}.Release|x64.ActiveCfg = Release|x64
		{FF8391D8-6DFF-4EEA-81FA-D680AD23F7B1}.Release|x64.Build.0 = Release|x64
		{FF8391D8-6DFF-4EEA-81FA-D680AD23F7B1}.Release|x86.ActiveCfg = Release|Win32
		{FF8391D8-6DFF-4EEA-81FA-D680AD23F7B1}.Release|x86.Build.0 = Release|Win32
		{78A70CA2-105A-4718-9007-0E4FC774E620}.Debug|x64.ActiveCfg = Debug|x64
		{78A70CA2-105A-4718-9007-0E4FC774E620}.Debug|x64.Build.0 = Debug|x64
		{78A70CA2-105A-4718-9007-0E4FC774E620}.Debug|x86.ActiveCfg = Debug|Win32
		{78A70CA2-105A-4718-9007-0E4FC774E620}.Debug|x86.Build.0 = Debug|Win32
		{78A70CA2-105A-4718-9007-0E4FC774E620}.Release|x64.ActiveCfg = Release|x64
		{78A70CA2-105A-4718-9007-0E4FC774E620}.Release|x64.Build.0 = Release|x64
		{78A70CA2-105A-4718-9007-0E4FC774E620}.Release|x86.ActiveCfg = Release|Win32
		{78A70CA2-105A-4718-9007-0E4FC774E620}.Release|x86.Build.0 = Release|Win32
		{3482D955-5B95-40FA-B180-E3BE0A6849FC}.Debug|x64.ActiveCfg = Debug|x64
		{3482D955-5B95-40FA-B180-E3BE0A6849FC}.Debug|x64.Build.0 = Debug|x64
		{3482D955-5B95-40FA-B180-E3BE0A6849FC}.Debug|x86.ActiveCfg = Debug|Win32
		{3482D955-5B95-40FA-B180-E3BE0A6849FC}.Debug|x86.Build.0 = Debug|Win32
		{3482D955-5B95-40FA-B180-E3BE0A6849FC}.Release|x64.ActiveCfg = Release|x64
		{3482D955-5B95-40FA-B180-E3BE0A6849FC}.Release|x64.Build.0 = Release|x64
		{3482D955-5B95-40FA-B180-E3BE0A6849FC}.Release|x86.ActiveCfg = Release|Win32
		{3482D955-5B95-40FA-B180-E3BE0A6849FC}.Release|x86.Build.0 = Release|Win32
		{71F2B2DF-3871-4D2A-B40B-E541DC86BC20}.Debug|x64.ActiveCfg = Debug|x64
		{71F2B2DF-3871-4D2A-B40B-E541DC86BC20}.Debug|x64.Build.0 = Debug|x64
		{71F2B2DF-3871-4D2A-B40B-E541DC86BC20}.Debug|x86.ActiveCfg = Debug|Win32
		{71F2B2DF-3871-4D2A-B40B-E541DC86BC20}.Debug|x86.Build.0 = Debug|Win32
		{71F2B2DF-3871-4D2A-B40B-E541DC86BC20}.Release|x64.ActiveCfg = Release|x64
		{71F2B2DF-3871-4D2A-B40B-E541DC86BC20}.Release|x64.Build.0 = Release|x64
		{71F2B2DF-3871-4D2A-B40B-E541DC86BC20}.Release|x86.ActiveCfg = Release|Win32
		{71F2B2DF-3871-4D2A-B40B-E541DC86BC20}.Release|x86.Build.0 = Release|Win32
		{8E1159FD-1856-4F81-8518-319BAE337A60}.Debug|x64.ActiveCfg = Debug|x64
		{8E1159FD-1856-4F81-8518-319BAE337A60}.Debug|x64.Build.0 = Debug|x64
		{8E1159FD-1856-4F81-8518-319BAE337A60}.Debug|x86.ActiveCfg = Debug|Win32
		{8E1159FD-1856-4F81-8518-319BAE337A60}.Debug|x86.Build.0 = Debug|Win32
		{8E1159FD-1856-4F81-8518-319BAE337A60}.Release|x64.ActiveCfg = Release|x64
		{8E1159FD-1856-4F81-8518-319BAE337A60}.Release|x64.Build.0 = Release|x64
		{8E1159FD-1856-4F81-8518-319BAE337A60}.Release|x86.ActiveCfg = Release|Win32
		{8E1159FD-1856-4F81-8518-319BAE337A60}.Release|x86.Build.0 = Release|Win32
		{6302160B-5BCE-442B-B7F6-15972074585E}.Debug|x64.ActiveCfg = Debug|x64
		{6302160B-5BCE-442B-B7F6-15972074585E}.Debug|x64.Build.0 = Debug|x64
		{6302160B-5BCE-442B-B7F6-15972074585E}.Debug|x86.ActiveCfg = Debug|Win32
		{6302160B-5BCE-442B-B7F6-15972074585E}.Debug|x86.Build.0 = Debug|Win32
		{6302160B-5BCE-442B-B7F6-15972074585E}.Release|x64.ActiveCfg = Release|x64
		{6302160B-5BCE-442B-B7F6-15972074585E}.Release|x64.Build.0 = Release|x64
		{6302160B-5BCE-442B-B7F6-15972074585E}.Release|x86.ActiveCfg = Release|Win32
		{6302160B-5BCE-442B-B7F6-15972074585E}.Release|x86.Build.0 = Release|Win32
		{FCD16D6E-C4ED-4795-B9BA-923E61E502A2}.Debug|x64.ActiveCfg = Debug|x64
		{FCD16D6E-C4ED-4795-B9BA-923E61E502A2}.Debug|x64.Build.0 = Debug|x64
		{FCD16D6E-C4ED-4795-B9BA-923E61E502A2}.Debug|x86.ActiveCfg = Debug|Win32
		{FCD16D6E-C4ED-4795-B9BA-923E61E502A2}.Debug|x86.Build.0 = Debug|Win32
		{FCD16D6E-C4ED-4795-B9BA-923E61E502A2}.Release|x64.ActiveCfg = Release|x64
		{FCD16D6E-C4ED-4795-B9BA-923E61E502A2}.Release|x64.Build.0 = Release|x64
		{FCD16D6E-C4ED-4795-B9BA-923E61E502A2}.Release|x86.ActiveCfg = Release|Win32
		{FCD16D6E-C4ED-4795-B9BA-923E61E502A2}.Release|x86.Build.0 = Release|Win32
	EndGlobalSection
	GlobalSection(SolutionProperties) = preSolution
		HideSolutionNode = FALSE
	EndGlobalSection
	GlobalSection(NestedProjects) = preSolution
		{703D2151-1F30-4A72-B0B1-F4CDCDD7DEAA} = {E9C1DDC3-7388-4A07-8A49-DEC9A29C8C5E}
		{F4A0CBB1-80BD-4261-B125-8F31F8E184BF} = {E9C1DDC3-7388-4A07-8A49-DEC9A29C8C5E}
		{0E07B188-0C09-4204-8FAA-8B50A6DC1B7C} = {32FEC0B7-E0AE-409E-8217-A140B33C5CCC}
		{DEAC8DBE-8AE7-420B-9869-9CD12111E723} = {703D2151-1F30-4A72-B0B1-F4CDCDD7DEAA}
		{BA271E62-D33A-4E0B-9189-ADBFB16115EB} = {F4A0CBB1-80BD-4261-B125-8F31F8E184BF}
		{5348B428-BBDA-4B6F-992A-93DBEB906C71} = {F4A0CBB1-80BD-4261-B125-8F31F8E184BF}
		{4CB8D7D4-153C-4266-8C56-BDEBEA47BD59} = {F19F9970-6575-4402-8A0A-4ED5AC73B6BC}
		{C4611426-B6C6-4254-A980-70956AAE8277} = {4CB8D7D4-153C-4266-8C56-BDEBEA47BD59}
		{742A27D2-7DCB-4F01-9826-5CCFCDCD27C3} = {F19F9970-6575-4402-8A0A-4ED5AC73B6BC}
		{2A9756BC-0D16-4514-BECA-26BA27C6E186} = {742A27D2-7DCB-4F01-9826-5CCFCDCD27C3}
		{2B6C4C02-C41F-4B6C-97FF-BCAE837F46DC} = {F19F9970-6575-4402-8A0A-4ED5AC73B6BC}
		{A7975A4B-2AB4-4BD3-ACF2-61C63F408BE1} = {2B6C4C02-C41F-4B6C-97FF-BCAE837F46DC}
		{DE655664-BDA1-4AC0-8944-83F3EC4FBD41} = {F19F9970-6575-4402-8A0A-4ED5AC73B6BC}
		{4183169D-25FC-4CD5-939C-361F71B39C6B} = {DE655664-BDA1-4AC0-8944-83F3EC4FBD41}
		{B6B45266-5FBE-45B6-A3BB-FB84B39E83C9} = {32FEC0B7-E0AE-409E-8217-A140B33C5CCC}
		{509B2446-899E-4BF8-B499-7A777B9C9EED} = {32FEC0B7-E0AE-409E-8217-A140B33C5CCC}
		{F19215A5-B6A0-4AC0-8A74-CD98FF4A6AD2} = {32FEC0B7-E0AE-409E-8217-A140B33C5CCC}
		{3273D08C-C3AF-4CC5-AF7D-4BD86E39983C} = {32FEC0B7-E0AE-409E-8217-A140B33C5CCC}
		{D6A3E2D5-5B5C-4B1A-853F-02E0DA7AD57A} = {32FEC0B7-E0AE-409E-8217-A140B33C5CCC}
		{4268A58C-85EF-475F-9126-E509015B0B21} = {32FEC0B7-E0AE-409E-8217-A140B33C5CCC}
		{FF8391D8-6DFF-4EEA-81FA-D680AD23F7B1} = {32FEC0B7-E0AE-409E-8217-A140B33C5CCC}
		{78A70CA2-105A-4718-9007-0E4FC774E620} = {32FEC0B7-E0AE-409E-8217-A140B33C5CCC}
		{3482D955-5B95-40FA-B180-E3BE0A6849FC} = {32FEC0B7-E0AE-409E-8217-A140B33C5CCC}
		{71F2B2DF-3871-4D2A-B40B-E541DC86BC20} = {86C39192-10BA-49F4-8C8D-A183097C699B}
		{8E1159FD-1856-4F81-8518-319BAE337A60} = {32FEC0B7-E0AE-409E-8217-A140B33C5CCC}
		{6302160B-5BCE-442B-B7F6-15972074585E} = {86C39192-10BA-49F4-8C8D-A183097C699B}
		{FCD16D6E-C4ED-4795-B9BA-923E61E502A2} = {32FEC0B7-E0AE-409E-8217-A140B33C5CCC}
	EndGlobalSection
EndGlobal
